
Microsoft Visual Studio Solution File, Format Version 12.00
# Visual Studio 15
VisualStudioVersion = 15.0.27004.2010
MinimumVisualStudioVersion = 10.0.40219.1
Project("{9A19103F-16F7-4668-BE54-9A1E7A4F7556}") = "MetricLogger", "MetricLogger\MetricLogger.csproj", "{B2734D0F-9B2D-4963-8E39-450642636557}"
EndProject
Global
	GlobalSection(SolutionConfigurationPlatforms) = preSolution
		Debug|Any CPU = Debug|Any CPU
		Release|Any CPU = Release|Any CPU
	EndGlobalSection
	GlobalSection(ProjectConfigurationPlatforms) = postSolution
		{B2734D0F-9B2D-4963-8E39-450642636557}.Debug|Any CPU.ActiveCfg = Debug|Any CPU
		{B2734D0F-9B2D-4963-8E39-450642636557}.Debug|Any CPU.Build.0 = Debug|Any CPU
		{B2734D0F-9B2D-4963-8E39-450642636557}.Release|Any CPU.ActiveCfg = Release|Any CPU
		{B2734D0F-9B2D-4963-8E39-450642636557}.Release|Any CPU.Build.0 = Release|Any CPU
	EndGlobalSection
	GlobalSection(SolutionProperties) = preSolution
		HideSolutionNode = FALSE
	EndGlobalSection
	GlobalSection(ExtensibilityGlobals) = postSolution
		SolutionGuid = {46964D68-3934-4A91-A7C1-E10A0FE82D22}
	EndGlobalSection
EndGlobal
